
Microsoft Visual Studio Solution File, Format Version 12.00
# Visual Studio Version 16
VisualStudioVersion = 16.0.30413.136
MinimumVisualStudioVersion = 10.0.40219.1
Project("{9A19103F-16F7-4668-BE54-9A1E7A4F7556}") = "CsharpFeatures", "CsharpFeatures\CsharpFeatures.csproj", "{B5A3DEDA-C08F-42DC-A8A1-8C4D48AE6688}"
EndProject
Project("{FAE04EC0-301F-11D3-BF4B-00C04F79EFBC}") = "CSharp6.Library", "CSharp6.Library\CSharp6.Library.csproj", "{29AB7D7C-93FB-46CF-A5F3-713281288074}"
EndProject
Project("{FAE04EC0-301F-11D3-BF4B-00C04F79EFBC}") = "CSharp7.Library", "CSharp7.Library\CSharp7.Library.csproj", "{564F7B30-508F-45BC-8639-89E0E0506174}"
EndProject
Project("{FAE04EC0-301F-11D3-BF4B-00C04F79EFBC}") = "CSharp8.Library", "CSharp8.Library\CSharp8.Library.csproj", "{EF452338-8500-4F83-834A-37F8595CC7A4}"
EndProject
Project("{FAE04EC0-301F-11D3-BF4B-00C04F79EFBC}") = "CSharp9.Library", "CSharp9.Library\CSharp9.Library.csproj", "{6B4801E8-BE5A-40A7-9170-482FC8C1B301}"
EndProject
Global
	GlobalSection(SolutionConfigurationPlatforms) = preSolution
		Debug|Any CPU = Debug|Any CPU
		Release|Any CPU = Release|Any CPU
	EndGlobalSection
	GlobalSection(ProjectConfigurationPlatforms) = postSolution
		{B5A3DEDA-C08F-42DC-A8A1-8C4D48AE6688}.Debug|Any CPU.ActiveCfg = Debug|Any CPU
		{B5A3DEDA-C08F-42DC-A8A1-8C4D48AE6688}.Debug|Any CPU.Build.0 = Debug|Any CPU
		{B5A3DEDA-C08F-42DC-A8A1-8C4D48AE6688}.Release|Any CPU.ActiveCfg = Release|Any CPU
		{B5A3DEDA-C08F-42DC-A8A1-8C4D48AE6688}.Release|Any CPU.Build.0 = Release|Any CPU
		{29AB7D7C-93FB-46CF-A5F3-713281288074}.Debug|Any CPU.ActiveCfg = Debug|Any CPU
		{29AB7D7C-93FB-46CF-A5F3-713281288074}.Debug|Any CPU.Build.0 = Debug|Any CPU
		{29AB7D7C-93FB-46CF-A5F3-713281288074}.Release|Any CPU.ActiveCfg = Release|Any CPU
		{29AB7D7C-93FB-46CF-A5F3-713281288074}.Release|Any CPU.Build.0 = Release|Any CPU
		{564F7B30-508F-45BC-8639-89E0E0506174}.Debug|Any CPU.ActiveCfg = Debug|Any CPU
		{564F7B30-508F-45BC-8639-89E0E0506174}.Debug|Any CPU.Build.0 = Debug|Any CPU
		{564F7B30-508F-45BC-8639-89E0E0506174}.Release|Any CPU.ActiveCfg = Release|Any CPU
		{564F7B30-508F-45BC-8639-89E0E0506174}.Release|Any CPU.Build.0 = Release|Any CPU
		{EF452338-8500-4F83-834A-37F8595CC7A4}.Debug|Any CPU.ActiveCfg = Debug|Any CPU
		{EF452338-8500-4F83-834A-37F8595CC7A4}.Debug|Any CPU.Build.0 = Debug|Any CPU
		{EF452338-8500-4F83-834A-37F8595CC7A4}.Release|Any CPU.ActiveCfg = Release|Any CPU
		{EF452338-8500-4F83-834A-37F8595CC7A4}.Release|Any CPU.Build.0 = Release|Any CPU
		{6B4801E8-BE5A-40A7-9170-482FC8C1B301}.Debug|Any CPU.ActiveCfg = Debug|Any CPU
		{6B4801E8-BE5A-40A7-9170-482FC8C1B301}.Debug|Any CPU.Build.0 = Debug|Any CPU
		{6B4801E8-BE5A-40A7-9170-482FC8C1B301}.Release|Any CPU.ActiveCfg = Release|Any CPU
		{6B4801E8-BE5A-40A7-9170-482FC8C1B301}.Release|Any CPU.Build.0 = Release|Any CPU
	EndGlobalSection
	GlobalSection(SolutionProperties) = preSolution
		HideSolutionNode = FALSE
	EndGlobalSection
	GlobalSection(ExtensibilityGlobals) = postSolution
		SolutionGuid = {1E6F1282-D55A-4512-AE2F-0DD1FD1B5688}
	EndGlobalSection
EndGlobal
