
Microsoft Visual Studio Solution File, Format Version 12.00
# Visual Studio Version 16
VisualStudioVersion = 16.0.30413.136
MinimumVisualStudioVersion = 10.0.40219.1
Project("{9A19103F-16F7-4668-BE54-9A1E7A4F7556}") = "CSharp6", "CSharp6.Library\CSharp6.csproj", "{29AB7D7C-93FB-46CF-A5F3-713281288074}"
EndProject
Project("{9A19103F-16F7-4668-BE54-9A1E7A4F7556}") = "CSharp7", "CSharp7.Library\CSharp7.csproj", "{564F7B30-508F-45BC-8639-89E0E0506174}"
EndProject
Project("{9A19103F-16F7-4668-BE54-9A1E7A4F7556}") = "CSharp8", "CSharp8.Library\CSharp8.csproj", "{EF452338-8500-4F83-834A-37F8595CC7A4}"
EndProject
Project("{2150E333-8FDC-42A3-9474-1A3956D46DE8}") = "CSharp_From_Versions_6_To_8", "CSharp_From_Versions_6_To_8", "{5F216030-DC4F-47B1-8D10-1E197AA276A3}"
EndProject
Project("{2150E333-8FDC-42A3-9474-1A3956D46DE8}") = "CSharp_Version_9", "CSharp_Version_9", "{4B191C8D-C856-4396-9A8A-4CF92FCA766E}"
EndProject
Project("{2150E333-8FDC-42A3-9474-1A3956D46DE8}") = "1. Top level calls", "1. Top level calls", "{1F4A1986-CE33-46BC-A783-63601A2490D1}"
EndProject
Project("{FAE04EC0-301F-11D3-BF4B-00C04F79EFBC}") = "ConsoleUI", "ConsoleUI\ConsoleUI.csproj", "{AB47DA55-FF58-47F2-9794-96E3E296ACDC}"
EndProject
Project("{2150E333-8FDC-42A3-9474-1A3956D46DE8}") = "2. Initial setters + Known object type instantiation", "2. Initial setters + Known object type instantiation", "{7B8A6D83-A60D-4748-865D-1BE2454ED502}"
EndProject
Project("{FAE04EC0-301F-11D3-BF4B-00C04F79EFBC}") = "ConsoleUI_2", "ConsoleUI_2\ConsoleUI_2.csproj", "{C9828B61-F60C-4667-AD7F-F97D04C6C1E2}"
EndProject
Project("{FAE04EC0-301F-11D3-BF4B-00C04F79EFBC}") = "BlazorApp", "BlazorApp\BlazorApp.csproj", "{DF589292-6EC9-492D-AE1A-AD32BAD33D53}"
EndProject
Project("{2150E333-8FDC-42A3-9474-1A3956D46DE8}") = "3. Relational + Logical + is-not Pattern Matching", "3. Relational + Logical + is-not Pattern Matching", "{0BF0D224-8D06-4A41-97C2-D24EF1BA1B16}"
EndProject
Project("{2150E333-8FDC-42A3-9474-1A3956D46DE8}") = "4. Records", "4. Records", "{C40C55D5-26E3-496A-90C2-9F9E2EDCBD76}"
EndProject
Project("{FAE04EC0-301F-11D3-BF4B-00C04F79EFBC}") = "RecordDemo", "RecordDemo\RecordDemo.csproj", "{D81A091C-4F25-4C95-B343-6C77C4DF5EAF}"
EndProject
Global
	GlobalSection(SolutionConfigurationPlatforms) = preSolution
		Debug|Any CPU = Debug|Any CPU
		Release|Any CPU = Release|Any CPU
	EndGlobalSection
	GlobalSection(ProjectConfigurationPlatforms) = postSolution
		{29AB7D7C-93FB-46CF-A5F3-713281288074}.Debug|Any CPU.ActiveCfg = Debug|Any CPU
		{29AB7D7C-93FB-46CF-A5F3-713281288074}.Debug|Any CPU.Build.0 = Debug|Any CPU
		{29AB7D7C-93FB-46CF-A5F3-713281288074}.Release|Any CPU.ActiveCfg = Release|Any CPU
		{29AB7D7C-93FB-46CF-A5F3-713281288074}.Release|Any CPU.Build.0 = Release|Any CPU
		{564F7B30-508F-45BC-8639-89E0E0506174}.Debug|Any CPU.ActiveCfg = Debug|Any CPU
		{564F7B30-508F-45BC-8639-89E0E0506174}.Debug|Any CPU.Build.0 = Debug|Any CPU
		{564F7B30-508F-45BC-8639-89E0E0506174}.Release|Any CPU.ActiveCfg = Release|Any CPU
		{564F7B30-508F-45BC-8639-89E0E0506174}.Release|Any CPU.Build.0 = Release|Any CPU
		{EF452338-8500-4F83-834A-37F8595CC7A4}.Debug|Any CPU.ActiveCfg = Debug|Any CPU
		{EF452338-8500-4F83-834A-37F8595CC7A4}.Debug|Any CPU.Build.0 = Debug|Any CPU
		{EF452338-8500-4F83-834A-37F8595CC7A4}.Release|Any CPU.ActiveCfg = Release|Any CPU
		{EF452338-8500-4F83-834A-37F8595CC7A4}.Release|Any CPU.Build.0 = Release|Any CPU
		{AB47DA55-FF58-47F2-9794-96E3E296ACDC}.Debug|Any CPU.ActiveCfg = Debug|Any CPU
		{AB47DA55-FF58-47F2-9794-96E3E296ACDC}.Debug|Any CPU.Build.0 = Debug|Any CPU
		{AB47DA55-FF58-47F2-9794-96E3E296ACDC}.Release|Any CPU.ActiveCfg = Release|Any CPU
		{AB47DA55-FF58-47F2-9794-96E3E296ACDC}.Release|Any CPU.Build.0 = Release|Any CPU
		{C9828B61-F60C-4667-AD7F-F97D04C6C1E2}.Debug|Any CPU.ActiveCfg = Debug|Any CPU
		{C9828B61-F60C-4667-AD7F-F97D04C6C1E2}.Debug|Any CPU.Build.0 = Debug|Any CPU
		{C9828B61-F60C-4667-AD7F-F97D04C6C1E2}.Release|Any CPU.ActiveCfg = Release|Any CPU
		{C9828B61-F60C-4667-AD7F-F97D04C6C1E2}.Release|Any CPU.Build.0 = Release|Any CPU
		{DF589292-6EC9-492D-AE1A-AD32BAD33D53}.Debug|Any CPU.ActiveCfg = Debug|Any CPU
		{DF589292-6EC9-492D-AE1A-AD32BAD33D53}.Debug|Any CPU.Build.0 = Debug|Any CPU
		{DF589292-6EC9-492D-AE1A-AD32BAD33D53}.Release|Any CPU.ActiveCfg = Release|Any CPU
		{DF589292-6EC9-492D-AE1A-AD32BAD33D53}.Release|Any CPU.Build.0 = Release|Any CPU
		{D81A091C-4F25-4C95-B343-6C77C4DF5EAF}.Debug|Any CPU.ActiveCfg = Debug|Any CPU
		{D81A091C-4F25-4C95-B343-6C77C4DF5EAF}.Debug|Any CPU.Build.0 = Debug|Any CPU
		{D81A091C-4F25-4C95-B343-6C77C4DF5EAF}.Release|Any CPU.ActiveCfg = Release|Any CPU
		{D81A091C-4F25-4C95-B343-6C77C4DF5EAF}.Release|Any CPU.Build.0 = Release|Any CPU
	EndGlobalSection
	GlobalSection(SolutionProperties) = preSolution
		HideSolutionNode = FALSE
	EndGlobalSection
	GlobalSection(NestedProjects) = preSolution
		{29AB7D7C-93FB-46CF-A5F3-713281288074} = {5F216030-DC4F-47B1-8D10-1E197AA276A3}
		{564F7B30-508F-45BC-8639-89E0E0506174} = {5F216030-DC4F-47B1-8D10-1E197AA276A3}
		{EF452338-8500-4F83-834A-37F8595CC7A4} = {5F216030-DC4F-47B1-8D10-1E197AA276A3}
		{1F4A1986-CE33-46BC-A783-63601A2490D1} = {4B191C8D-C856-4396-9A8A-4CF92FCA766E}
		{AB47DA55-FF58-47F2-9794-96E3E296ACDC} = {1F4A1986-CE33-46BC-A783-63601A2490D1}
		{7B8A6D83-A60D-4748-865D-1BE2454ED502} = {4B191C8D-C856-4396-9A8A-4CF92FCA766E}
		{C9828B61-F60C-4667-AD7F-F97D04C6C1E2} = {7B8A6D83-A60D-4748-865D-1BE2454ED502}
		{DF589292-6EC9-492D-AE1A-AD32BAD33D53} = {0BF0D224-8D06-4A41-97C2-D24EF1BA1B16}
		{0BF0D224-8D06-4A41-97C2-D24EF1BA1B16} = {4B191C8D-C856-4396-9A8A-4CF92FCA766E}
		{C40C55D5-26E3-496A-90C2-9F9E2EDCBD76} = {4B191C8D-C856-4396-9A8A-4CF92FCA766E}
		{D81A091C-4F25-4C95-B343-6C77C4DF5EAF} = {C40C55D5-26E3-496A-90C2-9F9E2EDCBD76}
	EndGlobalSection
	GlobalSection(ExtensibilityGlobals) = postSolution
		SolutionGuid = {1E6F1282-D55A-4512-AE2F-0DD1FD1B5688}
	EndGlobalSection
EndGlobal
