
Microsoft Visual Studio Solution File, Format Version 12.00
# Visual Studio Version 16
VisualStudioVersion = 16.0.30413.136
MinimumVisualStudioVersion = 10.0.40219.1
Project("{9A19103F-16F7-4668-BE54-9A1E7A4F7556}") = "CSharp6", "CSharp6.Library\CSharp6.csproj", "{29AB7D7C-93FB-46CF-A5F3-713281288074}"
EndProject
Project("{9A19103F-16F7-4668-BE54-9A1E7A4F7556}") = "CSharp7", "CSharp7.Library\CSharp7.csproj", "{564F7B30-508F-45BC-8639-89E0E0506174}"
EndProject
Project("{9A19103F-16F7-4668-BE54-9A1E7A4F7556}") = "CSharp8", "CSharp8.Library\CSharp8.csproj", "{EF452338-8500-4F83-834A-37F8595CC7A4}"
EndProject
Project("{2150E333-8FDC-42A3-9474-1A3956D46DE8}") = "CSharp_From_Versions_6_To_8", "CSharp_From_Versions_6_To_8", "{5F216030-DC4F-47B1-8D10-1E197AA276A3}"
EndProject
Project("{2150E333-8FDC-42A3-9474-1A3956D46DE8}") = "CSharp_Version_9", "CSharp_Version_9", "{4B191C8D-C856-4396-9A8A-4CF92FCA766E}"
EndProject
Project("{2150E333-8FDC-42A3-9474-1A3956D46DE8}") = "1. Top level calls", "1. Top level calls", "{1F4A1986-CE33-46BC-A783-63601A2490D1}"
EndProject
Project("{9A19103F-16F7-4668-BE54-9A1E7A4F7556}") = "ConsoleUI", "ConsoleUI\ConsoleUI.csproj", "{AB47DA55-FF58-47F2-9794-96E3E296ACDC}"
EndProject
Project("{2150E333-8FDC-42A3-9474-1A3956D46DE8}") = "2. Initial setters + Known object type instantiation", "2. Initial setters + Known object type instantiation", "{7B8A6D83-A60D-4748-865D-1BE2454ED502}"
EndProject
Project("{9A19103F-16F7-4668-BE54-9A1E7A4F7556}") = "ConsoleUI_2", "ConsoleUI_2\ConsoleUI_2.csproj", "{C9828B61-F60C-4667-AD7F-F97D04C6C1E2}"
EndProject
Project("{9A19103F-16F7-4668-BE54-9A1E7A4F7556}") = "BlazorApp", "BlazorApp\BlazorApp.csproj", "{DF589292-6EC9-492D-AE1A-AD32BAD33D53}"
EndProject
Project("{2150E333-8FDC-42A3-9474-1A3956D46DE8}") = "3. Relational + Logical + is-not Pattern Matching", "3. Relational + Logical + is-not Pattern Matching", "{0BF0D224-8D06-4A41-97C2-D24EF1BA1B16}"
EndProject
Project("{2150E333-8FDC-42A3-9474-1A3956D46DE8}") = "4. Records", "4. Records", "{C40C55D5-26E3-496A-90C2-9F9E2EDCBD76}"
EndProject
Project("{9A19103F-16F7-4668-BE54-9A1E7A4F7556}") = "RecordDemo", "RecordDemo\RecordDemo.csproj", "{D81A091C-4F25-4C95-B343-6C77C4DF5EAF}"
EndProject
Project("{2150E333-8FDC-42A3-9474-1A3956D46DE8}") = "Delegates_Events_Threads", "Delegates_Events_Threads", "{9DECE7DA-D82F-4765-B9C6-E31B54D72EB5}"
EndProject
Project("{2150E333-8FDC-42A3-9474-1A3956D46DE8}") = "Expression_Trees", "Expression_Trees", "{4516725C-EC68-407D-B592-D0C178910FA6}"
EndProject
Project("{2150E333-8FDC-42A3-9474-1A3956D46DE8}") = "Reflection", "Reflection", "{0B0E3C46-1423-4B1E-B269-A0D039BB0ECF}"
EndProject
Project("{2150E333-8FDC-42A3-9474-1A3956D46DE8}") = "Understanding tough concepts", "Understanding tough concepts", "{C3F9D6D8-7CDA-49DA-BB25-0E1A511435F5}"
EndProject
Project("{9A19103F-16F7-4668-BE54-9A1E7A4F7556}") = "BasicDelegates", "BasicDelegates\BasicDelegates.csproj", "{8668F3A8-34AE-4CFF-9B88-9D475D74955A}"
EndProject
Project("{9A19103F-16F7-4668-BE54-9A1E7A4F7556}") = "ActionAndFuncDelegates", "ActionAndFuncDelegates\ActionAndFuncDelegates.csproj", "{77136DCD-F25D-485F-B1BA-FB401BC3BBC4}"
EndProject
Project("{9A19103F-16F7-4668-BE54-9A1E7A4F7556}") = "SimpleEvents", "SimpleEvents\SimpleEvents.csproj", "{20477329-B0EC-419F-ADE8-291D562AD6A7}"
EndProject
Project("{2150E333-8FDC-42A3-9474-1A3956D46DE8}") = "1. Basic Delegates", "1. Basic Delegates", "{0D85591E-EDDA-4DF7-8EF8-F32FCFD5461D}"
EndProject
Project("{2150E333-8FDC-42A3-9474-1A3956D46DE8}") = "2. Funcs and Actions", "2. Funcs and Actions", "{3BB531C8-D56A-45F7-8829-CC0210CEE783}"
EndProject
Project("{2150E333-8FDC-42A3-9474-1A3956D46DE8}") = "3. Simple events", "3. Simple events", "{4AB86E34-A17C-4A07-8082-5FF74F46C084}"
EndProject
Project("{2150E333-8FDC-42A3-9474-1A3956D46DE8}") = "4. Delegates and Higher Order Functions", "4. Delegates and Higher Order Functions", "{E4CF20DE-991F-4424-ADC2-63DEB7C8A95F}"
EndProject
Project("{2150E333-8FDC-42A3-9474-1A3956D46DE8}") = "5. Threading", "5. Threading", "{3DACAD25-9BB7-4554-ADFE-F984BEAD2B7E}"
EndProject
Project("{2150E333-8FDC-42A3-9474-1A3956D46DE8}") = "6. Async-Await-Task", "6. Async-Await-Task", "{2275E21F-DDED-46E4-8372-07CA5B43C5EF}"
EndProject
Project("{2150E333-8FDC-42A3-9474-1A3956D46DE8}") = "7. Semaphore", "7. Semaphore", "{597CB785-FF38-41E7-B52F-0CA4537AD348}"
EndProject
Project("{2150E333-8FDC-42A3-9474-1A3956D46DE8}") = "8. Channels", "8. Channels", "{39E41764-1A86-43BD-B2F9-C21874C12F2A}"
EndProject
Project("{2150E333-8FDC-42A3-9474-1A3956D46DE8}") = "0. So you think you know CSharp", "0. So you think you know CSharp", "{1A7200D9-6C7C-4A7B-A777-117ED1A7C666}"
EndProject
Project("{2150E333-8FDC-42A3-9474-1A3956D46DE8}") = "1. Static classes", "1. Static classes", "{4331E012-7DD3-43D5-8C63-039FD613DFC5}"
EndProject
Project("{2150E333-8FDC-42A3-9474-1A3956D46DE8}") = "2. For vs foreach", "2. For vs foreach", "{5509E45E-93D7-4767-8E93-A636C159DCFD}"
EndProject
Project("{2150E333-8FDC-42A3-9474-1A3956D46DE8}") = "3. Constructors", "3. Constructors", "{E016C8EB-D6D3-42B9-9D82-7189557768ED}"
EndProject
Project("{2150E333-8FDC-42A3-9474-1A3956D46DE8}") = "4. Constants and Default Parameter Values", "4. Constants and Default Parameter Values", "{ED899A18-4BFD-4312-8CAE-0B34025C0AE9}"
EndProject
Project("{2150E333-8FDC-42A3-9474-1A3956D46DE8}") = "5. Generics under the hood", "5. Generics under the hood", "{33526C4C-38B8-472C-BB62-A8030BAE8A0B}"
EndProject
Project("{2150E333-8FDC-42A3-9474-1A3956D46DE8}") = "6. StringBuilder Myth", "6. StringBuilder Myth", "{46FC49C0-6A29-4295-97FB-01DA380BE098}"
EndProject
Project("{2150E333-8FDC-42A3-9474-1A3956D46DE8}") = "7. LINQ", "7. LINQ", "{5AA5FD81-482F-4B57-BAD8-A199E8E52A7D}"
EndProject
Project("{2150E333-8FDC-42A3-9474-1A3956D46DE8}") = "8. ValueTuples and Deconstruction", "8. ValueTuples and Deconstruction", "{6B9AE345-25BC-418B-BCC8-823B79546897}"
EndProject
Project("{2150E333-8FDC-42A3-9474-1A3956D46DE8}") = "9. IEnumerable (Generator) explained", "9. IEnumerable (Generator) explained", "{A2E7F9C1-9947-4F4C-B6F7-B2290D3112A7}"
EndProject
Project("{2150E333-8FDC-42A3-9474-1A3956D46DE8}") = "1. You think you know Linq", "1. You think you know Linq", "{B1E4523D-29AD-4BFC-A9CB-6CE86769A105}"
EndProject
Project("{2150E333-8FDC-42A3-9474-1A3956D46DE8}") = "2. Linq internals", "2. Linq internals", "{D9D3373C-7FA3-4C82-8534-886B00EE1820}"
EndProject
Project("{2150E333-8FDC-42A3-9474-1A3956D46DE8}") = "IDisposable", "IDisposable", "{8F6BF580-D920-4AD2-AE4F-988F96A9C50F}"
EndProject
Project("{9A19103F-16F7-4668-BE54-9A1E7A4F7556}") = "DelegatesAndHigherOrderFunctions", "DelegatesAndHigherOrderFunctions\DelegatesAndHigherOrderFunctions.csproj", "{D304AF72-517B-46FD-8D23-20A53711EC59}"
EndProject
Project("{9A19103F-16F7-4668-BE54-9A1E7A4F7556}") = "Threading", "Threading\Threading.csproj", "{24739D57-B8C9-45C3-AA00-0C9AFDD389FB}"
EndProject
Project("{9A19103F-16F7-4668-BE54-9A1E7A4F7556}") = "Async_Await", "Async_Await\Async_Await.csproj", "{70A9BB06-49DB-4922-83F7-19E5F6CBCC8E}"
EndProject
Project("{9A19103F-16F7-4668-BE54-9A1E7A4F7556}") = "Semaphore", "Semaphore\Semaphore.csproj", "{BCFF70FF-6105-4B87-ADF2-7CBE0CAFD55C}"
EndProject
Project("{2150E333-8FDC-42A3-9474-1A3956D46DE8}") = "Solution Items", "Solution Items", "{1DB86776-D624-47F5-9109-30232143F225}"
	ProjectSection(SolutionItems) = preProject
		.editorconfig = .editorconfig
	EndProjectSection
EndProject
Project("{FAE04EC0-301F-11D3-BF4B-00C04F79EFBC}") = "Channels", "Channels\Channels.csproj", "{015B86D4-F83D-4308-B0E5-C82D71F17DC2}"
EndProject
Project("{FAE04EC0-301F-11D3-BF4B-00C04F79EFBC}") = "Demo", "Demo\Demo.csproj", "{99D968BA-0B35-473D-9EAC-0620138986B8}"
EndProject
Project("{FAE04EC0-301F-11D3-BF4B-00C04F79EFBC}") = "ReflectionDemo", "ReflectionDemo\ReflectionDemo.csproj", "{D21135DD-8A99-4E31-973B-95B76796FEB0}"
EndProject
Project("{FAE04EC0-301F-11D3-BF4B-00C04F79EFBC}") = "ExpressionTrees", "ExpressionTrees\ExpressionTrees.csproj", "{A4D74242-5E15-43BE-9A35-75958DF2B218}"
EndProject
Global
	GlobalSection(SolutionConfigurationPlatforms) = preSolution
		Debug|Any CPU = Debug|Any CPU
		Release|Any CPU = Release|Any CPU
	EndGlobalSection
	GlobalSection(ProjectConfigurationPlatforms) = postSolution
		{29AB7D7C-93FB-46CF-A5F3-713281288074}.Debug|Any CPU.ActiveCfg = Debug|Any CPU
		{29AB7D7C-93FB-46CF-A5F3-713281288074}.Debug|Any CPU.Build.0 = Debug|Any CPU
		{29AB7D7C-93FB-46CF-A5F3-713281288074}.Release|Any CPU.ActiveCfg = Release|Any CPU
		{29AB7D7C-93FB-46CF-A5F3-713281288074}.Release|Any CPU.Build.0 = Release|Any CPU
		{564F7B30-508F-45BC-8639-89E0E0506174}.Debug|Any CPU.ActiveCfg = Debug|Any CPU
		{564F7B30-508F-45BC-8639-89E0E0506174}.Debug|Any CPU.Build.0 = Debug|Any CPU
		{564F7B30-508F-45BC-8639-89E0E0506174}.Release|Any CPU.ActiveCfg = Release|Any CPU
		{564F7B30-508F-45BC-8639-89E0E0506174}.Release|Any CPU.Build.0 = Release|Any CPU
		{EF452338-8500-4F83-834A-37F8595CC7A4}.Debug|Any CPU.ActiveCfg = Debug|Any CPU
		{EF452338-8500-4F83-834A-37F8595CC7A4}.Debug|Any CPU.Build.0 = Debug|Any CPU
		{EF452338-8500-4F83-834A-37F8595CC7A4}.Release|Any CPU.ActiveCfg = Release|Any CPU
		{EF452338-8500-4F83-834A-37F8595CC7A4}.Release|Any CPU.Build.0 = Release|Any CPU
		{AB47DA55-FF58-47F2-9794-96E3E296ACDC}.Debug|Any CPU.ActiveCfg = Debug|Any CPU
		{AB47DA55-FF58-47F2-9794-96E3E296ACDC}.Debug|Any CPU.Build.0 = Debug|Any CPU
		{AB47DA55-FF58-47F2-9794-96E3E296ACDC}.Release|Any CPU.ActiveCfg = Release|Any CPU
		{AB47DA55-FF58-47F2-9794-96E3E296ACDC}.Release|Any CPU.Build.0 = Release|Any CPU
		{C9828B61-F60C-4667-AD7F-F97D04C6C1E2}.Debug|Any CPU.ActiveCfg = Debug|Any CPU
		{C9828B61-F60C-4667-AD7F-F97D04C6C1E2}.Debug|Any CPU.Build.0 = Debug|Any CPU
		{C9828B61-F60C-4667-AD7F-F97D04C6C1E2}.Release|Any CPU.ActiveCfg = Release|Any CPU
		{C9828B61-F60C-4667-AD7F-F97D04C6C1E2}.Release|Any CPU.Build.0 = Release|Any CPU
		{DF589292-6EC9-492D-AE1A-AD32BAD33D53}.Debug|Any CPU.ActiveCfg = Debug|Any CPU
		{DF589292-6EC9-492D-AE1A-AD32BAD33D53}.Debug|Any CPU.Build.0 = Debug|Any CPU
		{DF589292-6EC9-492D-AE1A-AD32BAD33D53}.Release|Any CPU.ActiveCfg = Release|Any CPU
		{DF589292-6EC9-492D-AE1A-AD32BAD33D53}.Release|Any CPU.Build.0 = Release|Any CPU
		{D81A091C-4F25-4C95-B343-6C77C4DF5EAF}.Debug|Any CPU.ActiveCfg = Debug|Any CPU
		{D81A091C-4F25-4C95-B343-6C77C4DF5EAF}.Debug|Any CPU.Build.0 = Debug|Any CPU
		{D81A091C-4F25-4C95-B343-6C77C4DF5EAF}.Release|Any CPU.ActiveCfg = Release|Any CPU
		{D81A091C-4F25-4C95-B343-6C77C4DF5EAF}.Release|Any CPU.Build.0 = Release|Any CPU
		{8668F3A8-34AE-4CFF-9B88-9D475D74955A}.Debug|Any CPU.ActiveCfg = Debug|Any CPU
		{8668F3A8-34AE-4CFF-9B88-9D475D74955A}.Debug|Any CPU.Build.0 = Debug|Any CPU
		{8668F3A8-34AE-4CFF-9B88-9D475D74955A}.Release|Any CPU.ActiveCfg = Release|Any CPU
		{8668F3A8-34AE-4CFF-9B88-9D475D74955A}.Release|Any CPU.Build.0 = Release|Any CPU
		{77136DCD-F25D-485F-B1BA-FB401BC3BBC4}.Debug|Any CPU.ActiveCfg = Debug|Any CPU
		{77136DCD-F25D-485F-B1BA-FB401BC3BBC4}.Debug|Any CPU.Build.0 = Debug|Any CPU
		{77136DCD-F25D-485F-B1BA-FB401BC3BBC4}.Release|Any CPU.ActiveCfg = Release|Any CPU
		{77136DCD-F25D-485F-B1BA-FB401BC3BBC4}.Release|Any CPU.Build.0 = Release|Any CPU
		{20477329-B0EC-419F-ADE8-291D562AD6A7}.Debug|Any CPU.ActiveCfg = Debug|Any CPU
		{20477329-B0EC-419F-ADE8-291D562AD6A7}.Debug|Any CPU.Build.0 = Debug|Any CPU
		{20477329-B0EC-419F-ADE8-291D562AD6A7}.Release|Any CPU.ActiveCfg = Release|Any CPU
		{20477329-B0EC-419F-ADE8-291D562AD6A7}.Release|Any CPU.Build.0 = Release|Any CPU
		{D304AF72-517B-46FD-8D23-20A53711EC59}.Debug|Any CPU.ActiveCfg = Debug|Any CPU
		{D304AF72-517B-46FD-8D23-20A53711EC59}.Debug|Any CPU.Build.0 = Debug|Any CPU
		{D304AF72-517B-46FD-8D23-20A53711EC59}.Release|Any CPU.ActiveCfg = Release|Any CPU
		{D304AF72-517B-46FD-8D23-20A53711EC59}.Release|Any CPU.Build.0 = Release|Any CPU
		{24739D57-B8C9-45C3-AA00-0C9AFDD389FB}.Debug|Any CPU.ActiveCfg = Debug|Any CPU
		{24739D57-B8C9-45C3-AA00-0C9AFDD389FB}.Debug|Any CPU.Build.0 = Debug|Any CPU
		{24739D57-B8C9-45C3-AA00-0C9AFDD389FB}.Release|Any CPU.ActiveCfg = Release|Any CPU
		{24739D57-B8C9-45C3-AA00-0C9AFDD389FB}.Release|Any CPU.Build.0 = Release|Any CPU
		{70A9BB06-49DB-4922-83F7-19E5F6CBCC8E}.Debug|Any CPU.ActiveCfg = Debug|Any CPU
		{70A9BB06-49DB-4922-83F7-19E5F6CBCC8E}.Debug|Any CPU.Build.0 = Debug|Any CPU
		{70A9BB06-49DB-4922-83F7-19E5F6CBCC8E}.Release|Any CPU.ActiveCfg = Release|Any CPU
		{70A9BB06-49DB-4922-83F7-19E5F6CBCC8E}.Release|Any CPU.Build.0 = Release|Any CPU
		{BCFF70FF-6105-4B87-ADF2-7CBE0CAFD55C}.Debug|Any CPU.ActiveCfg = Debug|Any CPU
		{BCFF70FF-6105-4B87-ADF2-7CBE0CAFD55C}.Debug|Any CPU.Build.0 = Debug|Any CPU
		{BCFF70FF-6105-4B87-ADF2-7CBE0CAFD55C}.Release|Any CPU.ActiveCfg = Release|Any CPU
		{BCFF70FF-6105-4B87-ADF2-7CBE0CAFD55C}.Release|Any CPU.Build.0 = Release|Any CPU
		{015B86D4-F83D-4308-B0E5-C82D71F17DC2}.Debug|Any CPU.ActiveCfg = Debug|Any CPU
		{015B86D4-F83D-4308-B0E5-C82D71F17DC2}.Debug|Any CPU.Build.0 = Debug|Any CPU
		{015B86D4-F83D-4308-B0E5-C82D71F17DC2}.Release|Any CPU.ActiveCfg = Release|Any CPU
		{015B86D4-F83D-4308-B0E5-C82D71F17DC2}.Release|Any CPU.Build.0 = Release|Any CPU
		{99D968BA-0B35-473D-9EAC-0620138986B8}.Debug|Any CPU.ActiveCfg = Debug|Any CPU
		{99D968BA-0B35-473D-9EAC-0620138986B8}.Debug|Any CPU.Build.0 = Debug|Any CPU
		{99D968BA-0B35-473D-9EAC-0620138986B8}.Release|Any CPU.ActiveCfg = Release|Any CPU
		{99D968BA-0B35-473D-9EAC-0620138986B8}.Release|Any CPU.Build.0 = Release|Any CPU
		{D21135DD-8A99-4E31-973B-95B76796FEB0}.Debug|Any CPU.ActiveCfg = Debug|Any CPU
		{D21135DD-8A99-4E31-973B-95B76796FEB0}.Debug|Any CPU.Build.0 = Debug|Any CPU
		{D21135DD-8A99-4E31-973B-95B76796FEB0}.Release|Any CPU.ActiveCfg = Release|Any CPU
		{D21135DD-8A99-4E31-973B-95B76796FEB0}.Release|Any CPU.Build.0 = Release|Any CPU
		{A4D74242-5E15-43BE-9A35-75958DF2B218}.Debug|Any CPU.ActiveCfg = Debug|Any CPU
		{A4D74242-5E15-43BE-9A35-75958DF2B218}.Debug|Any CPU.Build.0 = Debug|Any CPU
		{A4D74242-5E15-43BE-9A35-75958DF2B218}.Release|Any CPU.ActiveCfg = Release|Any CPU
		{A4D74242-5E15-43BE-9A35-75958DF2B218}.Release|Any CPU.Build.0 = Release|Any CPU
	EndGlobalSection
	GlobalSection(SolutionProperties) = preSolution
		HideSolutionNode = FALSE
	EndGlobalSection
	GlobalSection(NestedProjects) = preSolution
		{29AB7D7C-93FB-46CF-A5F3-713281288074} = {5F216030-DC4F-47B1-8D10-1E197AA276A3}
		{564F7B30-508F-45BC-8639-89E0E0506174} = {5F216030-DC4F-47B1-8D10-1E197AA276A3}
		{EF452338-8500-4F83-834A-37F8595CC7A4} = {5F216030-DC4F-47B1-8D10-1E197AA276A3}
		{1F4A1986-CE33-46BC-A783-63601A2490D1} = {4B191C8D-C856-4396-9A8A-4CF92FCA766E}
		{AB47DA55-FF58-47F2-9794-96E3E296ACDC} = {1F4A1986-CE33-46BC-A783-63601A2490D1}
		{7B8A6D83-A60D-4748-865D-1BE2454ED502} = {4B191C8D-C856-4396-9A8A-4CF92FCA766E}
		{C9828B61-F60C-4667-AD7F-F97D04C6C1E2} = {7B8A6D83-A60D-4748-865D-1BE2454ED502}
		{DF589292-6EC9-492D-AE1A-AD32BAD33D53} = {0BF0D224-8D06-4A41-97C2-D24EF1BA1B16}
		{0BF0D224-8D06-4A41-97C2-D24EF1BA1B16} = {4B191C8D-C856-4396-9A8A-4CF92FCA766E}
		{C40C55D5-26E3-496A-90C2-9F9E2EDCBD76} = {4B191C8D-C856-4396-9A8A-4CF92FCA766E}
		{D81A091C-4F25-4C95-B343-6C77C4DF5EAF} = {C40C55D5-26E3-496A-90C2-9F9E2EDCBD76}
		{8668F3A8-34AE-4CFF-9B88-9D475D74955A} = {0D85591E-EDDA-4DF7-8EF8-F32FCFD5461D}
		{77136DCD-F25D-485F-B1BA-FB401BC3BBC4} = {3BB531C8-D56A-45F7-8829-CC0210CEE783}
		{20477329-B0EC-419F-ADE8-291D562AD6A7} = {4AB86E34-A17C-4A07-8082-5FF74F46C084}
		{0D85591E-EDDA-4DF7-8EF8-F32FCFD5461D} = {9DECE7DA-D82F-4765-B9C6-E31B54D72EB5}
		{3BB531C8-D56A-45F7-8829-CC0210CEE783} = {9DECE7DA-D82F-4765-B9C6-E31B54D72EB5}
		{4AB86E34-A17C-4A07-8082-5FF74F46C084} = {9DECE7DA-D82F-4765-B9C6-E31B54D72EB5}
		{E4CF20DE-991F-4424-ADC2-63DEB7C8A95F} = {9DECE7DA-D82F-4765-B9C6-E31B54D72EB5}
		{3DACAD25-9BB7-4554-ADFE-F984BEAD2B7E} = {9DECE7DA-D82F-4765-B9C6-E31B54D72EB5}
		{2275E21F-DDED-46E4-8372-07CA5B43C5EF} = {9DECE7DA-D82F-4765-B9C6-E31B54D72EB5}
		{597CB785-FF38-41E7-B52F-0CA4537AD348} = {9DECE7DA-D82F-4765-B9C6-E31B54D72EB5}
		{39E41764-1A86-43BD-B2F9-C21874C12F2A} = {9DECE7DA-D82F-4765-B9C6-E31B54D72EB5}
		{1A7200D9-6C7C-4A7B-A777-117ED1A7C666} = {C3F9D6D8-7CDA-49DA-BB25-0E1A511435F5}
		{4331E012-7DD3-43D5-8C63-039FD613DFC5} = {C3F9D6D8-7CDA-49DA-BB25-0E1A511435F5}
		{5509E45E-93D7-4767-8E93-A636C159DCFD} = {C3F9D6D8-7CDA-49DA-BB25-0E1A511435F5}
		{E016C8EB-D6D3-42B9-9D82-7189557768ED} = {C3F9D6D8-7CDA-49DA-BB25-0E1A511435F5}
		{ED899A18-4BFD-4312-8CAE-0B34025C0AE9} = {C3F9D6D8-7CDA-49DA-BB25-0E1A511435F5}
		{33526C4C-38B8-472C-BB62-A8030BAE8A0B} = {C3F9D6D8-7CDA-49DA-BB25-0E1A511435F5}
		{46FC49C0-6A29-4295-97FB-01DA380BE098} = {C3F9D6D8-7CDA-49DA-BB25-0E1A511435F5}
		{5AA5FD81-482F-4B57-BAD8-A199E8E52A7D} = {C3F9D6D8-7CDA-49DA-BB25-0E1A511435F5}
		{6B9AE345-25BC-418B-BCC8-823B79546897} = {C3F9D6D8-7CDA-49DA-BB25-0E1A511435F5}
		{A2E7F9C1-9947-4F4C-B6F7-B2290D3112A7} = {C3F9D6D8-7CDA-49DA-BB25-0E1A511435F5}
		{B1E4523D-29AD-4BFC-A9CB-6CE86769A105} = {5AA5FD81-482F-4B57-BAD8-A199E8E52A7D}
		{D9D3373C-7FA3-4C82-8534-886B00EE1820} = {5AA5FD81-482F-4B57-BAD8-A199E8E52A7D}
		{8F6BF580-D920-4AD2-AE4F-988F96A9C50F} = {1A7200D9-6C7C-4A7B-A777-117ED1A7C666}
		{D304AF72-517B-46FD-8D23-20A53711EC59} = {E4CF20DE-991F-4424-ADC2-63DEB7C8A95F}
		{24739D57-B8C9-45C3-AA00-0C9AFDD389FB} = {3DACAD25-9BB7-4554-ADFE-F984BEAD2B7E}
		{70A9BB06-49DB-4922-83F7-19E5F6CBCC8E} = {2275E21F-DDED-46E4-8372-07CA5B43C5EF}
		{BCFF70FF-6105-4B87-ADF2-7CBE0CAFD55C} = {597CB785-FF38-41E7-B52F-0CA4537AD348}
		{015B86D4-F83D-4308-B0E5-C82D71F17DC2} = {39E41764-1A86-43BD-B2F9-C21874C12F2A}
		{99D968BA-0B35-473D-9EAC-0620138986B8} = {A2E7F9C1-9947-4F4C-B6F7-B2290D3112A7}
		{D21135DD-8A99-4E31-973B-95B76796FEB0} = {0B0E3C46-1423-4B1E-B269-A0D039BB0ECF}
		{A4D74242-5E15-43BE-9A35-75958DF2B218} = {4516725C-EC68-407D-B592-D0C178910FA6}
	EndGlobalSection
	GlobalSection(ExtensibilityGlobals) = postSolution
		SolutionGuid = {1E6F1282-D55A-4512-AE2F-0DD1FD1B5688}
	EndGlobalSection
EndGlobal
